
Microsoft Visual Studio Solution File, Format Version 12.00
# Visual Studio Version 17
VisualStudioVersion = 17.9.34728.123
MinimumVisualStudioVersion = 10.0.40219.1
Project("{FAE04EC0-301F-11D3-BF4B-00C04F79EFBC}") = "MyWebApp", "MyWebApp\MyWebApp.csproj", "{1CBD0E53-AE03-4A5A-BFAE-D5581A2E53D3}"
EndProject
Global
	GlobalSection(SolutionConfigurationPlatforms) = preSolution
		Debug|Any CPU = Debug|Any CPU
		Release|Any CPU = Release|Any CPU
	EndGlobalSection
	GlobalSection(ProjectConfigurationPlatforms) = postSolution
		{1CBD0E53-AE03-4A5A-BFAE-D5581A2E53D3}.Debug|Any CPU.ActiveCfg = Debug|Any CPU
		{1CBD0E53-AE03-4A5A-BFAE-D5581A2E53D3}.Debug|Any CPU.Build.0 = Debug|Any CPU
		{1CBD0E53-AE03-4A5A-BFAE-D5581A2E53D3}.Release|Any CPU.ActiveCfg = Release|Any CPU
		{1CBD0E53-AE03-4A5A-BFAE-D5581A2E53D3}.Release|Any CPU.Build.0 = Release|Any CPU
	EndGlobalSection
	GlobalSection(SolutionProperties) = preSolution
		HideSolutionNode = FALSE
	EndGlobalSection
	GlobalSection(ExtensibilityGlobals) = postSolution
		SolutionGuid = {C2E20751-CCC4-4536-8B62-DC4C2D02E9DB}
	EndGlobalSection
EndGlobal
